
Microsoft Visual Studio Solution File, Format Version 12.00
# Visual Studio 15
VisualStudioVersion = 15.0.27703.2000
MinimumVisualStudioVersion = 10.0.40219.1
Project("{FAE04EC0-301F-11D3-BF4B-00C04F79EFBC}") = "ReactChallengeBack", "ReactChallengeApp\ReactChallengeBack.csproj", "{AFB928B6-57A8-4277-904D-2258660CD5E5}"
EndProject
Project("{FAE04EC0-301F-11D3-BF4B-00C04F79EFBC}") = "ReactChallenge.UI", "ReactChallenge.UI\ReactChallenge.UI.csproj", "{8DBC9A46-23AD-4EA8-AE28-443A0B5CF79F}"
EndProject
Global
	GlobalSection(SolutionConfigurationPlatforms) = preSolution
		Debug|Any CPU = Debug|Any CPU
		Release|Any CPU = Release|Any CPU
	EndGlobalSection
	GlobalSection(ProjectConfigurationPlatforms) = postSolution
		{AFB928B6-57A8-4277-904D-2258660CD5E5}.Debug|Any CPU.ActiveCfg = Debug|Any CPU
		{AFB928B6-57A8-4277-904D-2258660CD5E5}.Debug|Any CPU.Build.0 = Debug|Any CPU
		{AFB928B6-57A8-4277-904D-2258660CD5E5}.Release|Any CPU.ActiveCfg = Release|Any CPU
		{AFB928B6-57A8-4277-904D-2258660CD5E5}.Release|Any CPU.Build.0 = Release|Any CPU
		{8DBC9A46-23AD-4EA8-AE28-443A0B5CF79F}.Debug|Any CPU.ActiveCfg = Debug|Any CPU
		{8DBC9A46-23AD-4EA8-AE28-443A0B5CF79F}.Debug|Any CPU.Build.0 = Debug|Any CPU
		{8DBC9A46-23AD-4EA8-AE28-443A0B5CF79F}.Release|Any CPU.ActiveCfg = Release|Any CPU
		{8DBC9A46-23AD-4EA8-AE28-443A0B5CF79F}.Release|Any CPU.Build.0 = Release|Any CPU
	EndGlobalSection
	GlobalSection(SolutionProperties) = preSolution
		HideSolutionNode = FALSE
	EndGlobalSection
	GlobalSection(ExtensibilityGlobals) = postSolution
		SolutionGuid = {F8391AC4-82CD-48D3-9E57-DD153BBD6C5E}
	EndGlobalSection
EndGlobal
